# This file is generated by running "yarn install" inside your project.
# Manual changes might be lost - proceed with caution!

__metadata:
  version: 6
  cacheKey: 8

"just-install-test@workspace:.":
  version: 0.0.0-use.local
  resolution: "just-install-test@workspace:."
  dependencies:
    just-install: ^1.0.11
  languageName: unknown
  linkType: soft

"just-install@npm:^1.0.11":
  version: 1.0.11
  resolution: "just-install@npm:1.0.11"
  bin:
    just: bin/just
  checksum: eafa6d1a0dbf40f621354820f6d5c1fa25433964a2e4eee9a291b44a4adf1706d26d013d6bbf6d3ffcf0bb87667edbc938a65635b33748ddbae4622076b3c529
  languageName: node
  linkType: hard
